// !$*UTF8*$!
{
	archiveVersion = 1;
	classes = {
	};
	objectVersion = 46;
	objects = {

/* Begin PBXBuildFile section */
		C5AB64E41523DE21003529C3 /* UIKit.framework in Frameworks */ = {isa = PBXBuildFile; fileRef = C5AB64E31523DE21003529C3 /* UIKit.framework */; };
		C5AB64E61523DE21003529C3 /* Foundation.framework in Frameworks */ = {isa = PBXBuildFile; fileRef = C5AB64E51523DE21003529C3 /* Foundation.framework */; };
		C5AB64E81523DE21003529C3 /* CoreGraphics.framework in Frameworks */ = {isa = PBXBuildFile; fileRef = C5AB64E71523DE21003529C3 /* CoreGraphics.framework */; };
		C5AB64EE1523DE21003529C3 /* InfoPlist.strings in Resources */ = {isa = PBXBuildFile; fileRef = C5AB64EC1523DE21003529C3 /* InfoPlist.strings */; };
		C5AB64F01523DE21003529C3 /* main.m in Sources */ = {isa = PBXBuildFile; fileRef = C5AB64EF1523DE21003529C3 /* main.m */; };
		C5AB64F41523DE21003529C3 /* AppDelegate.m in Sources */ = {isa = PBXBuildFile; fileRef = C5AB64F31523DE21003529C3 /* AppDelegate.m */; };
		C5AB64F71523DE21003529C3 /* FirstViewController.m in Sources */ = {isa = PBXBuildFile; fileRef = C5AB64F61523DE21003529C3 /* FirstViewController.m */; };
		C5AB64F91523DE21003529C3 /* first.png in Resources */ = {isa = PBXBuildFile; fileRef = C5AB64F81523DE21003529C3 /* first.png */; };
		C5AB64FB1523DE21003529C3 /* first@2x.png in Resources */ = {isa = PBXBuildFile; fileRef = C5AB64FA1523DE21003529C3 /* first@2x.png */; };
		C5AB64FE1523DE21003529C3 /* SecondViewController.m in Sources */ = {isa = PBXBuildFile; fileRef = C5AB64FD1523DE21003529C3 /* SecondViewController.m */; };
		C5AB65001523DE21003529C3 /* second.png in Resources */ = {isa = PBXBuildFile; fileRef = C5AB64FF1523DE21003529C3 /* second.png */; };
		C5AB65021523DE21003529C3 /* second@2x.png in Resources */ = {isa = PBXBuildFile; fileRef = C5AB65011523DE21003529C3 /* second@2x.png */; };
		C5AB65051523DE21003529C3 /* FirstViewController.xib in Resources */ = {isa = PBXBuildFile; fileRef = C5AB65031523DE21003529C3 /* FirstViewController.xib */; };
		C5AB65081523DE21003529C3 /* SecondViewController.xib in Resources */ = {isa = PBXBuildFile; fileRef = C5AB65061523DE21003529C3 /* SecondViewController.xib */; };
/* End PBXBuildFile section */

/* Begin PBXFileReference section */
		C5AB64DF1523DE21003529C3 /* LocationAppAR.app */ = {isa = PBXFileReference; explicitFileType = wrapper.application; includeInIndex = 0; path = LocationAppAR.app; sourceTree = BUILT_PRODUCTS_DIR; };
		C5AB64E31523DE21003529C3 /* UIKit.framework */ = {isa = PBXFileReference; lastKnownFileType = wrapper.framework; name = UIKit.framework; path = System/Library/Frameworks/UIKit.framework; sourceTree = SDKROOT; };
		C5AB64E51523DE21003529C3 /* Foundation.framework */ = {isa = PBXFileReference; lastKnownFileType = wrapper.framework; name = Foundation.framework; path = System/Library/Frameworks/Foundation.framework; sourceTree = SDKROOT; };
		C5AB64E71523DE21003529C3 /* CoreGraphics.framework */ = {isa = PBXFileReference; lastKnownFileType = wrapper.framework; name = CoreGraphics.framework; path = System/Library/Frameworks/CoreGraphics.framework; sourceTree = SDKROOT; };
		C5AB64EB1523DE21003529C3 /* LocationAppAR-Info.plist */ = {isa = PBXFileReference; path = "LocationAppAR-Info.plist"; sourceTree = "<group>"; };
		C5AB64ED1523DE21003529C3 /* en */ = {isa = PBXFileReference; lastKnownFileType = text.plist.strings; name = en; path = en.lproj/InfoPlist.strings; sourceTree = "<group>"; };
		C5AB64EF1523DE21003529C3 /* main.m */ = {isa = PBXFileReference; lastKnownFileType = sourcecode.c.objc; path = main.m; sourceTree = "<group>"; };
		C5AB64F11523DE21003529C3 /* LocationAppAR-Prefix.pch */ = {isa = PBXFileReference; path = "LocationAppAR-Prefix.pch"; sourceTree = "<group>"; };
		C5AB64F21523DE21003529C3 /* AppDelegate.h */ = {isa = PBXFileReference; path = AppDelegate.h; sourceTree = "<group>"; };
		C5AB64F31523DE21003529C3 /* AppDelegate.m */ = {isa = PBXFileReference; lastKnownFileType = sourcecode.c.objc; path = AppDelegate.m; sourceTree = "<group>"; };
		C5AB64F51523DE21003529C3 /* FirstViewController.h */ = {isa = PBXFileReference; path = FirstViewController.h; sourceTree = "<group>"; };
		C5AB64F61523DE21003529C3 /* FirstViewController.m */ = {isa = PBXFileReference; lastKnownFileType = sourcecode.c.objc; path = FirstViewController.m; sourceTree = "<group>"; };
		C5AB64F81523DE21003529C3 /* first.png */ = {isa = PBXFileReference; lastKnownFileType = image.png; path = first.png; sourceTree = "<group>"; };
		C5AB64FA1523DE21003529C3 /* first@2x.png */ = {isa = PBXFileReference; lastKnownFileType = image.png; path = "first@2x.png"; sourceTree = "<group>"; };
		C5AB64FC1523DE21003529C3 /* SecondViewController.h */ = {isa = PBXFileReference; path = SecondViewController.h; sourceTree = "<group>"; };
		C5AB64FD1523DE21003529C3 /* SecondViewController.m */ = {isa = PBXFileReference; lastKnownFileType = sourcecode.c.objc; path = SecondViewController.m; sourceTree = "<group>"; };
		C5AB64FF1523DE21003529C3 /* second.png */ = {isa = PBXFileReference; lastKnownFileType = image.png; path = second.png; sourceTree = "<group>"; };
		C5AB65011523DE21003529C3 /* second@2x.png */ = {isa = PBXFileReference; lastKnownFileType = image.png; path = "second@2x.png"; sourceTree = "<group>"; };
		C5AB65041523DE21003529C3 /* en */ = {isa = PBXFileReference; lastKnownFileType = file.xib; name = en; path = en.lproj/FirstViewController.xib; sourceTree = "<group>"; };
		C5AB65071523DE21003529C3 /* en */ = {isa = PBXFileReference; lastKnownFileType = file.xib; name = en; path = en.lproj/SecondViewController.xib; sourceTree = "<group>"; };
/* End PBXFileReference section */

/* Begin PBXFrameworksBuildPhase section */
		C5AB64DC1523DE21003529C3 /* Frameworks */ = {
			isa = PBXFrameworksBuildPhase;
			buildActionMask = 2147483647;
			files = (
				C5AB64E41523DE21003529C3 /* UIKit.framework in Frameworks */,
				C5AB64E61523DE21003529C3 /* Foundation.framework in Frameworks */,
				C5AB64E81523DE21003529C3 /* CoreGraphics.framework in Frameworks */,
			);
			runOnlyForDeploymentPostprocessing = 0;
		};
/* End PBXFrameworksBuildPhase section */

/* Begin PBXGroup section */
		C5AB64D41523DE21003529C3 = {
			isa = PBXGroup;
			children = (
				C5AB64E91523DE21003529C3 /* LocationAppAR */,
				C5AB64E21523DE21003529C3 /* Frameworks */,
				C5AB64E01523DE21003529C3 /* Products */,
			);
			sourceTree = "<group>";
		};
		C5AB64E01523DE21003529C3 /* Products */ = {
			isa = PBXGroup;
			children = (
				C5AB64DF1523DE21003529C3 /* LocationAppAR.app */,
			);
			name = Products;
			sourceTree = "<group>";
		};
		C5AB64E21523DE21003529C3 /* Frameworks */ = {
			isa = PBXGroup;
			children = (
				C5AB64E31523DE21003529C3 /* UIKit.framework */,
				C5AB64E51523DE21003529C3 /* Foundation.framework */,
				C5AB64E71523DE21003529C3 /* CoreGraphics.framework */,
			);
			name = Frameworks;
			sourceTree = "<group>";
		};
		C5AB64E91523DE21003529C3 /* LocationAppAR */ = {
			isa = PBXGroup;
			children = (
				C5AB64F21523DE21003529C3 /* AppDelegate.h */,
				C5AB64F31523DE21003529C3 /* AppDelegate.m */,
				C5AB64F51523DE21003529C3 /* FirstViewController.h */,
				C5AB64F61523DE21003529C3 /* FirstViewController.m */,
				C5AB64F81523DE21003529C3 /* first.png */,
				C5AB64FA1523DE21003529C3 /* first@2x.png */,
				C5AB64FC1523DE21003529C3 /* SecondViewController.h */,
				C5AB64FD1523DE21003529C3 /* SecondViewController.m */,
				C5AB64FF1523DE21003529C3 /* second.png */,
				C5AB65011523DE21003529C3 /* second@2x.png */,
				C5AB65031523DE21003529C3 /* FirstViewController.xib */,
				C5AB65061523DE21003529C3 /* SecondViewController.xib */,
				C5AB64EA1523DE21003529C3 /* Supporting Files */,
			);
			path = LocationAppAR;
			sourceTree = "<group>";
		};
		C5AB64EA1523DE21003529C3 /* Supporting Files */ = {
			isa = PBXGroup;
			children = (
				C5AB64EB1523DE21003529C3 /* LocationAppAR-Info.plist */,
				C5AB64EC1523DE21003529C3 /* InfoPlist.strings */,
				C5AB64EF1523DE21003529C3 /* main.m */,
				C5AB64F11523DE21003529C3 /* LocationAppAR-Prefix.pch */,
			);
			name = "Supporting Files";
			sourceTree = "<group>";
		};
/* End PBXGroup section */

/* Begin PBXNativeTarget section */
		C5AB64DE1523DE21003529C3 /* LocationAppAR */ = {
			isa = PBXNativeTarget;
			buildConfigurationList = C5AB650B1523DE21003529C3 /* Build configuration list for PBXNativeTarget "LocationAppAR" */;
			buildPhases = (
				C5AB64DB1523DE21003529C3 /* Sources */,
				C5AB64DC1523DE21003529C3 /* Frameworks */,
				C5AB64DD1523DE21003529C3 /* Resources */,
			);
			buildRules = (
			);
			dependencies = (
			);
			name = LocationAppAR;
			productName = LocationAppAR;
			productReference = C5AB64DF1523DE21003529C3 /* LocationAppAR.app */;
			productType = "com.apple.product-type.application";
		};
/* End PBXNativeTarget section */

/* Begin PBXProject section */
		C5AB64D61523DE21003529C3 /* Project object */ = {
			isa = PBXProject;
			attributes = {
				LastUpgradeCheck = 0430;
			};
			buildConfigurationList = C5AB64D91523DE21003529C3 /* Build configuration list for PBXProject "LocationAppAR" */;
			compatibilityVersion = "Xcode 3.2";
			developmentRegion = English;
			hasScannedForEncodings = 0;
			knownRegions = (
				en,
			);
			mainGroup = C5AB64D41523DE21003529C3;
			productRefGroup = C5AB64E01523DE21003529C3 /* Products */;
			projectDirPath = "";
			projectRoot = "";
			targets = (
				C5AB64DE1523DE21003529C3 /* LocationAppAR */,
			);
		};
/* End PBXProject section */

/* Begin PBXResourcesBuildPhase section */
		C5AB64DD1523DE21003529C3 /* Resources */ = {
			isa = PBXResourcesBuildPhase;
			buildActionMask = 2147483647;
			files = (
				C5AB64EE1523DE21003529C3 /* InfoPlist.strings in Resources */,
				C5AB64F91523DE21003529C3 /* first.png in Resources */,
				C5AB64FB1523DE21003529C3 /* first@2x.png in Resources */,
				C5AB65001523DE21003529C3 /* second.png in Resources */,
				C5AB65021523DE21003529C3 /* second@2x.png in Resources */,
				C5AB65051523DE21003529C3 /* FirstViewController.xib in Resources */,
				C5AB65081523DE21003529C3 /* SecondViewController.xib in Resources */,
			);
			runOnlyForDeploymentPostprocessing = 0;
		};
/* End PBXResourcesBuildPhase section */

/* Begin PBXSourcesBuildPhase section */
		C5AB64DB1523DE21003529C3 /* Sources */ = {
			isa = PBXSourcesBuildPhase;
			buildActionMask = 2147483647;
			files = (
				C5AB64F01523DE21003529C3 /* main.m in Sources */,
				C5AB64F41523DE21003529C3 /* AppDelegate.m in Sources */,
				C5AB64F71523DE21003529C3 /* FirstViewController.m in Sources */,
				C5AB64FE1523DE21003529C3 /* SecondViewController.m in Sources */,
			);
			runOnlyForDeploymentPostprocessing = 0;
		};
/* End PBXSourcesBuildPhase section */

/* Begin PBXVariantGroup section */
		C5AB64EC1523DE21003529C3 /* InfoPlist.strings */ = {
			isa = PBXVariantGroup;
			children = (
				C5AB64ED1523DE21003529C3 /* en */,
			);
			name = InfoPlist.strings;
			sourceTree = "<group>";
		};
		C5AB65031523DE21003529C3 /* FirstViewController.xib */ = {
			isa = PBXVariantGroup;
			children = (
				C5AB65041523DE21003529C3 /* en */,
			);
			name = FirstViewController.xib;
			sourceTree = "<group>";
		};
		C5AB65061523DE21003529C3 /* SecondViewController.xib */ = {
			isa = PBXVariantGroup;
			children = (
				C5AB65071523DE21003529C3 /* en */,
			);
			name = SecondViewController.xib;
			sourceTree = "<group>";
		};
/* End PBXVariantGroup section */

/* Begin XCBuildConfiguration section */
		C5AB65091523DE21003529C3 /* Debug */ = {
			isa = XCBuildConfiguration;
			buildSettings = {
				ALWAYS_SEARCH_USER_PATHS = NO;
				ARCHS = "$(ARCHS_STANDARD_32_BIT)";
				CLANG_ENABLE_OBJC_ARC = YES;
				"CODE_SIGN_IDENTITY[sdk=iphoneos*]" = "iPhone Developer";
				COPY_PHASE_STRIP = NO;
				GCC_C_LANGUAGE_STANDARD = gnu99;
				GCC_DYNAMIC_NO_PIC = NO;
				GCC_OPTIMIZATION_LEVEL = 0;
				GCC_PREPROCESSOR_DEFINITIONS = (
					"DEBUG=1",
					"$(inherited)",
				);
				GCC_SYMBOLS_PRIVATE_EXTERN = NO;
				GCC_VERSION = com.apple.compilers.llvm.clang.1_0;
				GCC_WARN_ABOUT_RETURN_TYPE = YES;
				GCC_WARN_UNINITIALIZED_AUTOS = YES;
				GCC_WARN_UNUSED_VARIABLE = YES;
				IPHONEOS_DEPLOYMENT_TARGET = 5.1;
				SDKROOT = iphoneos;
			};
			name = Debug;
		};
		C5AB650A1523DE21003529C3 /* Release */ = {
			isa = XCBuildConfiguration;
			buildSettings = {
				ALWAYS_SEARCH_USER_PATHS = NO;
				ARCHS = "$(ARCHS_STANDARD_32_BIT)";
				CLANG_ENABLE_OBJC_ARC = YES;
				"CODE_SIGN_IDENTITY[sdk=iphoneos*]" = "iPhone Developer";
				COPY_PHASE_STRIP = YES;
				GCC_C_LANGUAGE_STANDARD = gnu99;
				GCC_VERSION = com.apple.compilers.llvm.clang.1_0;
				GCC_WARN_ABOUT_RETURN_TYPE = YES;
				GCC_WARN_UNINITIALIZED_AUTOS = YES;
				GCC_WARN_UNUSED_VARIABLE = YES;
				IPHONEOS_DEPLOYMENT_TARGET = 5.1;
				OTHER_CFLAGS = "-DNS_BLOCK_ASSERTIONS=1";
				SDKROOT = iphoneos;
				VALIDATE_PRODUCT = YES;
			};
			name = Release;
		};
		C5AB650C1523DE21003529C3 /* Debug */ = {
			isa = XCBuildConfiguration;
			buildSettings = {
				GCC_PRECOMPILE_PREFIX_HEADER = YES;
				GCC_PREFIX_HEADER = "LocationAppAR/LocationAppAR-Prefix.pch";
				INFOPLIST_FILE = "LocationAppAR/LocationAppAR-Info.plist";
				PRODUCT_NAME = "$(TARGET_NAME)";
				WRAPPER_EXTENSION = app;
			};
			name = Debug;
		};
		C5AB650D1523DE21003529C3 /* Release */ = {
			isa = XCBuildConfiguration;
			buildSettings = {
				GCC_PRECOMPILE_PREFIX_HEADER = YES;
				GCC_PREFIX_HEADER = "LocationAppAR/LocationAppAR-Prefix.pch";
				INFOPLIST_FILE = "LocationAppAR/LocationAppAR-Info.plist";
				PRODUCT_NAME = "$(TARGET_NAME)";
				WRAPPER_EXTENSION = app;
			};
			name = Release;
		};
/* End XCBuildConfiguration section */

/* Begin XCConfigurationList section */
		C5AB64D91523DE21003529C3 /* Build configuration list for PBXProject "LocationAppAR" */ = {
			isa = XCConfigurationList;
			buildConfigurations = (
				C5AB65091523DE21003529C3 /* Debug */,
				C5AB650A1523DE21003529C3 /* Release */,
			);
			defaultConfigurationIsVisible = 0;
			defaultConfigurationName = Release;
		};
		C5AB650B1523DE21003529C3 /* Build configuration list for PBXNativeTarget "LocationAppAR" */ = {
			isa = XCConfigurationList;
			buildConfigurations = (
				C5AB650C1523DE21003529C3 /* Debug */,
				C5AB650D1523DE21003529C3 /* Release */,
			);
			defaultConfigurationIsVisible = 0;
		};
/* End XCConfigurationList section */
	};
	rootObject = C5AB64D61523DE21003529C3 /* Project object */;
}
